# This file is @generated by PDM.
# It is not intended for manual editing.

[metadata]
groups = ["default", "dev"]
strategy = ["cross_platform"]
lock_version = "4.4"
content_hash = "sha256:b67b99f44e59ea20351cb2a5dc17d12a1b466a299e7b5315779b9a2937ff1b15"

[[package]]
name = "altgraph"
version = "0.17.4"
summary = "Python graph (network) package"
files = [
    {file = "altgraph-0.17.4-py2.py3-none-any.whl", hash = "sha256:642743b4750de17e655e6711601b077bc6598dbfa3ba5fa2b2a35ce12b508dff"},
    {file = "altgraph-0.17.4.tar.gz", hash = "sha256:1b5afbb98f6c4dcadb2e2ae6ab9fa994bbb8c1d75f4fa96d340f9437ae454406"},
]

[[package]]
name = "astroid"
version = "3.0.1"
requires_python = ">=3.8.0"
summary = "An abstract syntax tree for Python with inference support."
files = [
    {file = "astroid-3.0.1-py3-none-any.whl", hash = "sha256:7d5895c9825e18079c5aeac0572bc2e4c83205c95d416e0b4fee8bc361d2d9ca"},
    {file = "astroid-3.0.1.tar.gz", hash = "sha256:86b0bb7d7da0be1a7c4aedb7974e391b32d4ed89e33de6ed6902b4b15c97577e"},
]

[[package]]
name = "colorama"
version = "0.4.6"
requires_python = "!=3.0.*,!=3.1.*,!=3.2.*,!=3.3.*,!=3.4.*,!=3.5.*,!=3.6.*,>=2.7"
summary = "Cross-platform colored terminal text."
files = [
    {file = "colorama-0.4.6-py2.py3-none-any.whl", hash = "sha256:4f1d9991f5acc0ca119f9d443620b77f9d6b33703e51011c16baf57afb285fc6"},
    {file = "colorama-0.4.6.tar.gz", hash = "sha256:08695f5cb7ed6e0531a20572697297273c47b8cae5a63ffc6d6ed5c201be6e44"},
]

[[package]]
name = "dill"
version = "0.3.7"
requires_python = ">=3.7"
summary = "serialize all of Python"
files = [
    {file = "dill-0.3.7-py3-none-any.whl", hash = "sha256:76b122c08ef4ce2eedcd4d1abd8e641114bfc6c2867f49f3c41facf65bf19f5e"},
    {file = "dill-0.3.7.tar.gz", hash = "sha256:cc1c8b182eb3013e24bd475ff2e9295af86c1a38eb1aff128dac8962a9ce3c03"},
]

[[package]]
name = "isort"
version = "5.12.0"
requires_python = ">=3.8.0"
summary = "A Python utility / library to sort Python imports."
files = [
    {file = "isort-5.12.0-py3-none-any.whl", hash = "sha256:f84c2818376e66cf843d497486ea8fed8700b340f308f076c6fb1229dff318b6"},
    {file = "isort-5.12.0.tar.gz", hash = "sha256:8bef7dde241278824a6d83f44a544709b065191b95b6e50894bdc722fcba0504"},
]

[[package]]
name = "macholib"
version = "1.16.3"
summary = "Mach-O header analysis and editing"
dependencies = [
    "altgraph>=0.17",
]
files = [
    {file = "macholib-1.16.3-py2.py3-none-any.whl", hash = "sha256:0e315d7583d38b8c77e815b1ecbdbf504a8258d8b3e17b61165c6feb60d18f2c"},
    {file = "macholib-1.16.3.tar.gz", hash = "sha256:07ae9e15e8e4cd9a788013d81f5908b3609aa76f9b1421bae9c4d7606ec86a30"},
]

[[package]]
name = "mccabe"
version = "0.7.0"
requires_python = ">=3.6"
summary = "McCabe checker, plugin for flake8"
files = [
    {file = "mccabe-0.7.0-py2.py3-none-any.whl", hash = "sha256:6c2d30ab6be0e4a46919781807b4f0d834ebdd6c6e3dca0bda5a15f863427b6e"},
    {file = "mccabe-0.7.0.tar.gz", hash = "sha256:348e0240c33b60bbdf4e523192ef919f28cb2c3d7d5c7794f74009290f236325"},
]

[[package]]
name = "pefile"
version = "2023.2.7"
requires_python = ">=3.6.0"
summary = "Python PE parsing module"
files = [
    {file = "pefile-2023.2.7-py3-none-any.whl", hash = "sha256:da185cd2af68c08a6cd4481f7325ed600a88f6a813bad9dea07ab3ef73d8d8d6"},
    {file = "pefile-2023.2.7.tar.gz", hash = "sha256:82e6114004b3d6911c77c3953e3838654b04511b8b66e8583db70c65998017dc"},
]

[[package]]
name = "platformdirs"
version = "4.0.0"
requires_python = ">=3.7"
summary = "A small Python package for determining appropriate platform-specific dirs, e.g. a \"user data dir\"."
files = [
    {file = "platformdirs-4.0.0-py3-none-any.whl", hash = "sha256:118c954d7e949b35437270383a3f2531e99dd93cf7ce4dc8340d3356d30f173b"},
    {file = "platformdirs-4.0.0.tar.gz", hash = "sha256:cb633b2bcf10c51af60beb0ab06d2f1d69064b43abf4c185ca6b28865f3f9731"},
]

[[package]]
name = "pyinstaller"
version = "4.5.1"
requires_python = ">=3.6"
summary = "PyInstaller bundles a Python application and all its dependencies into a single package."
dependencies = [
    "altgraph",
    "macholib>=1.8; sys_platform == \"darwin\"",
    "pefile>=2017.8.1; sys_platform == \"win32\"",
    "pyinstaller-hooks-contrib>=2020.6",
    "pywin32-ctypes>=0.2.0; sys_platform == \"win32\"",
    "setuptools",
]
files = [
    {file = "pyinstaller-4.5.1-py3-none-macosx_10_13_universal2.whl", hash = "sha256:ecc2baadeeefd2b6fbf39d13c65d4aa603afdda1c6aaaebc4577ba72893fee9e"},
    {file = "pyinstaller-4.5.1-py3-none-manylinux2014_aarch64.whl", hash = "sha256:4d848cd782ee0893d7ad9fe2bfe535206a79f0b6760cecc5f2add831258b9322"},
    {file = "pyinstaller-4.5.1-py3-none-manylinux2014_i686.whl", hash = "sha256:8f747b190e6ad30e2d2fd5da9a64636f61aac8c038c0b7f685efa92c782ea14f"},
    {file = "pyinstaller-4.5.1-py3-none-manylinux2014_x86_64.whl", hash = "sha256:c587da8f521a7ce1b9efb4e3d0117cd63c92dc6cedff24590aeef89372f53012"},
    {file = "pyinstaller-4.5.1-py3-none-win32.whl", hash = "sha256:fed9f5e4802769a416a8f2ca171c6be961d1861cc05a0b71d20dfe05423137e9"},
    {file = "pyinstaller-4.5.1-py3-none-win_amd64.whl", hash = "sha256:aae456205c68355f9597411090576bb31b614e53976b4c102d072bbe5db8392a"},
    {file = "pyinstaller-4.5.1.tar.gz", hash = "sha256:30733baaf8971902286a0ddf77e5499ac5f7bf8e7c39163e83d4f8c696ef265e"},
]

[[package]]
name = "pyinstaller-hooks-contrib"
version = "2023.10"
requires_python = ">=3.7"
summary = "Community maintained hooks for PyInstaller"
files = [
    {file = "pyinstaller-hooks-contrib-2023.10.tar.gz", hash = "sha256:4b4a998036abb713774cb26534ca06b7e6e09e4c628196017a10deb11a48747f"},
    {file = "pyinstaller_hooks_contrib-2023.10-py2.py3-none-any.whl", hash = "sha256:6dc1786a8f452941245d5bb85893e2a33632ebdcbc4c23eea41f2ee08281b0c0"},
]

[[package]]
name = "pylint"
version = "3.0.2"
requires_python = ">=3.8.0"
summary = "python code static checker"
dependencies = [
    "astroid<=3.1.0-dev0,>=3.0.1",
    "colorama>=0.4.5; sys_platform == \"win32\"",
    "dill>=0.3.6; python_version >= \"3.11\"",
    "dill>=0.3.7; python_version >= \"3.12\"",
    "isort<6,>=4.2.5",
    "mccabe<0.8,>=0.6",
    "platformdirs>=2.2.0",
    "tomlkit>=0.10.1",
]
files = [
    {file = "pylint-3.0.2-py3-none-any.whl", hash = "sha256:60ed5f3a9ff8b61839ff0348b3624ceeb9e6c2a92c514d81c9cc273da3b6bcda"},
    {file = "pylint-3.0.2.tar.gz", hash = "sha256:0d4c286ef6d2f66c8bfb527a7f8a629009e42c99707dec821a03e1b51a4c1496"},
]

[[package]]
name = "pywin32-ctypes"
version = "0.2.2"
requires_python = ">=3.6"
summary = "A (partial) reimplementation of pywin32 using ctypes/cffi"
files = [
    {file = "pywin32-ctypes-0.2.2.tar.gz", hash = "sha256:3426e063bdd5fd4df74a14fa3cf80a0b42845a87e1d1e81f6549f9daec593a60"},
    {file = "pywin32_ctypes-0.2.2-py3-none-any.whl", hash = "sha256:bf490a1a709baf35d688fe0ecf980ed4de11d2b3e37b51e5442587a75d9957e7"},
]

[[package]]
name = "setuptools"
version = "69.0.2"
requires_python = ">=3.8"
summary = "Easily download, build, install, upgrade, and uninstall Python packages"
files = [
    {file = "setuptools-69.0.2-py3-none-any.whl", hash = "sha256:1e8fdff6797d3865f37397be788a4e3cba233608e9b509382a2777d25ebde7f2"},
    {file = "setuptools-69.0.2.tar.gz", hash = "sha256:735896e78a4742605974de002ac60562d286fa8051a7e2299445e8e8fbb01aa6"},
]

[[package]]
name = "tomlkit"
version = "0.12.3"
requires_python = ">=3.7"
summary = "Style preserving TOML library"
files = [
    {file = "tomlkit-0.12.3-py3-none-any.whl", hash = "sha256:b0a645a9156dc7cb5d3a1f0d4bab66db287fcb8e0430bdd4664a095ea16414ba"},
    {file = "tomlkit-0.12.3.tar.gz", hash = "sha256:75baf5012d06501f07bee5bf8e801b9f343e7aac5a92581f20f80ce632e6b5a4"},
]
